
Microsoft Visual Studio Solution File, Format Version 12.00
# Visual Studio Version 16
VisualStudioVersion = 16.0.30804.86
MinimumVisualStudioVersion = 10.0.40219.1
Project("{FAE04EC0-301F-11D3-BF4B-00C04F79EFBC}") = "SM", "SM.csproj", "{00045BDC-35C2-4760-A3B2-DA8E98BF229B}"
EndProject
Global
	GlobalSection(SolutionConfigurationPlatforms) = preSolution
		Debug|Any CPU = Debug|Any CPU
		Release|Any CPU = Release|Any CPU
	EndGlobalSection
	GlobalSection(ProjectConfigurationPlatforms) = postSolution
		{00045BDC-35C2-4760-A3B2-DA8E98BF229B}.Debug|Any CPU.ActiveCfg = Debug|Any CPU
		{00045BDC-35C2-4760-A3B2-DA8E98BF229B}.Debug|Any CPU.Build.0 = Debug|Any CPU
		{00045BDC-35C2-4760-A3B2-DA8E98BF229B}.Release|Any CPU.ActiveCfg = Release|Any CPU
		{00045BDC-35C2-4760-A3B2-DA8E98BF229B}.Release|Any CPU.Build.0 = Release|Any CPU
	EndGlobalSection
	GlobalSection(SolutionProperties) = preSolution
		HideSolutionNode = FALSE
	EndGlobalSection
	GlobalSection(ExtensibilityGlobals) = postSolution
		SolutionGuid = {5942C908-C99B-4CB9-80B8-21FAA041C8DF}
	EndGlobalSection
EndGlobal
